
Microsoft Visual Studio Solution File, Format Version 12.00
# Visual Studio Version 17
VisualStudioVersion = 17.14.36518.9 d17.14
MinimumVisualStudioVersion = 10.0.40219.1
Project("{FAE04EC0-301F-11D3-BF4B-00C04F79EFBC}") = "MeTenTenBlazor", "MeTenTenBlazor.csproj", "{6802BEA5-88B6-427E-8B46-54254F0F3ADB}"
EndProject
Global
	GlobalSection(SolutionConfigurationPlatforms) = preSolution
		Debug|Any CPU = Debug|Any CPU
		Release|Any CPU = Release|Any CPU
	EndGlobalSection
	GlobalSection(ProjectConfigurationPlatforms) = postSolution
		{6802BEA5-88B6-427E-8B46-54254F0F3ADB}.Debug|Any CPU.ActiveCfg = Debug|Any CPU
		{6802BEA5-88B6-427E-8B46-54254F0F3ADB}.Debug|Any CPU.Build.0 = Debug|Any CPU
		{6802BEA5-88B6-427E-8B46-54254F0F3ADB}.Release|Any CPU.ActiveCfg = Release|Any CPU
		{6802BEA5-88B6-427E-8B46-54254F0F3ADB}.Release|Any CPU.Build.0 = Release|Any CPU
	EndGlobalSection
	GlobalSection(SolutionProperties) = preSolution
		HideSolutionNode = FALSE
	EndGlobalSection
	GlobalSection(ExtensibilityGlobals) = postSolution
		SolutionGuid = {FDDE5B54-FC7D-4155-A589-3EE671C30C4D}
	EndGlobalSection
EndGlobal
